// !$*UTF8*$!
{
	archiveVersion = 1;
	classes = {
	};
	objectVersion = 55;
	objects = {

/* Begin PBXBuildFile section */
		683B42F527AA6DBD00A8D9DE /* AppDelegate.swift in Sources */ = {isa = PBXBuildFile; fileRef = 683B42F427AA6DBD00A8D9DE /* AppDelegate.swift */; };
		683B42F927AA6DBD00A8D9DE /* ViewController.swift in Sources */ = {isa = PBXBuildFile; fileRef = 683B42F827AA6DBD00A8D9DE /* ViewController.swift */; };
		683B42FC27AA6DBD00A8D9DE /* Main.storyboard in Resources */ = {isa = PBXBuildFile; fileRef = 683B42FA27AA6DBD00A8D9DE /* Main.storyboard */; };
		683B42FE27AA6DC000A8D9DE /* Assets.xcassets in Resources */ = {isa = PBXBuildFile; fileRef = 683B42FD27AA6DC000A8D9DE /* Assets.xcassets */; };
		683B430127AA6DC000A8D9DE /* LaunchScreen.storyboard in Resources */ = {isa = PBXBuildFile; fileRef = 683B42FF27AA6DC000A8D9DE /* LaunchScreen.storyboard */; };
		A0596F24178EFB44CD02034D /* Pods_EdgeTagExample.framework in Frameworks */ = {isa = PBXBuildFile; fileRef = B903BFF32243FE18AC7FC727 /* Pods_EdgeTagExample.framework */; };
/* End PBXBuildFile section */

/* Begin PBXContainerItemProxy section */
		683B432527AA6EFB00A8D9DE /* PBXContainerItemProxy */ = {
			isa = PBXContainerItemProxy;
			containerPortal = 683B432127AA6EFB00A8D9DE /* EdgeTagSDK.xcodeproj */;
			proxyType = 2;
			remoteGlobalIDString = 683B42CC27A93C6800A8D9DE;
			remoteInfo = EdgeTagSDK;
		};
		6893521D27BB8FDF00F5E049 /* PBXContainerItemProxy */ = {
			isa = PBXContainerItemProxy;
			containerPortal = 683B431E27AA6EEE00A8D9DE /* EdgeTagExample.xcodeproj */;
			proxyType = 2;
			remoteGlobalIDString = 683B42F127AA6DBD00A8D9DE;
			remoteInfo = EdgeTagExample;
		};
/* End PBXContainerItemProxy section */

/* Begin PBXCopyFilesBuildPhase section */
		683533DD27AA945B00902BDF /* Embed Frameworks */ = {
			isa = PBXCopyFilesBuildPhase;
			buildActionMask = 2147483647;
			dstPath = "";
			dstSubfolderSpec = 10;
			files = (
			);
			name = "Embed Frameworks";
			runOnlyForDeploymentPostprocessing = 0;
		};
/* End PBXCopyFilesBuildPhase section */

/* Begin PBXFileReference section */
		659B9770CB32511F202607E1 /* Pods-EdgeTagExample.release.xcconfig */ = {isa = PBXFileReference; includeInIndex = 1; lastKnownFileType = text.xcconfig; name = "Pods-EdgeTagExample.release.xcconfig"; path = "Target Support Files/Pods-EdgeTagExample/Pods-EdgeTagExample.release.xcconfig"; sourceTree = "<group>"; };
		683533D327AA8EBA00902BDF /* EdgeTagExample */ = {isa = PBXFileReference; lastKnownFileType = folder; path = EdgeTagExample; sourceTree = "<group>"; };
		683B42F127AA6DBD00A8D9DE /* EdgeTagExample.app */ = {isa = PBXFileReference; explicitFileType = wrapper.application; includeInIndex = 0; path = EdgeTagExample.app; sourceTree = BUILT_PRODUCTS_DIR; };
		683B42F427AA6DBD00A8D9DE /* AppDelegate.swift */ = {isa = PBXFileReference; lastKnownFileType = sourcecode.swift; path = AppDelegate.swift; sourceTree = "<group>"; };
		683B42F827AA6DBD00A8D9DE /* ViewController.swift */ = {isa = PBXFileReference; lastKnownFileType = sourcecode.swift; path = ViewController.swift; sourceTree = "<group>"; };
		683B42FB27AA6DBD00A8D9DE /* Base */ = {isa = PBXFileReference; lastKnownFileType = file.storyboard; name = Base; path = Base.lproj/Main.storyboard; sourceTree = "<group>"; };
		683B42FD27AA6DC000A8D9DE /* Assets.xcassets */ = {isa = PBXFileReference; lastKnownFileType = folder.assetcatalog; path = Assets.xcassets; sourceTree = "<group>"; };
		683B430027AA6DC000A8D9DE /* Base */ = {isa = PBXFileReference; lastKnownFileType = file.storyboard; name = Base; path = Base.lproj/LaunchScreen.storyboard; sourceTree = "<group>"; };
		683B430227AA6DC000A8D9DE /* Info.plist */ = {isa = PBXFileReference; lastKnownFileType = text.plist.xml; path = Info.plist; sourceTree = "<group>"; };
		683B431D27AA6EDD00A8D9DE /* EdgeTagSDK */ = {isa = PBXFileReference; lastKnownFileType = folder; name = EdgeTagSDK; path = ../EdgeTagSDK; sourceTree = "<group>"; };
		683B431E27AA6EEE00A8D9DE /* EdgeTagExample.xcodeproj */ = {isa = PBXFileReference; lastKnownFileType = "wrapper.pb-project"; path = EdgeTagExample.xcodeproj; sourceTree = "<group>"; };
		683B432127AA6EFB00A8D9DE /* EdgeTagSDK.xcodeproj */ = {isa = PBXFileReference; lastKnownFileType = "wrapper.pb-project"; name = EdgeTagSDK.xcodeproj; path = ../EdgeTagSDK/EdgeTagSDK.xcodeproj; sourceTree = "<group>"; };
		683B434C27AA888F00A8D9DE /* EdgeTagExample */ = {isa = PBXFileReference; lastKnownFileType = folder; path = EdgeTagExample; sourceTree = "<group>"; };
		683B434E27AA88B100A8D9DE /* EdgeTagExample */ = {isa = PBXFileReference; lastKnownFileType = folder; path = EdgeTagExample; sourceTree = "<group>"; };
		683B436327AA897F00A8D9DE /* newframe */ = {isa = PBXFileReference; lastKnownFileType = folder; name = newframe; path = ../newframe; sourceTree = "<group>"; };
		683B438027AA8C6900A8D9DE /* EdgeTagSDK */ = {isa = PBXFileReference; lastKnownFileType = folder; name = EdgeTagSDK; path = ../EdgeTagSDK/EdgeTagSDK; sourceTree = "<group>"; };
		B31D429463E6A2444BD96D9E /* Pods-EdgeTagExample.debug.xcconfig */ = {isa = PBXFileReference; includeInIndex = 1; lastKnownFileType = text.xcconfig; name = "Pods-EdgeTagExample.debug.xcconfig"; path = "Target Support Files/Pods-EdgeTagExample/Pods-EdgeTagExample.debug.xcconfig"; sourceTree = "<group>"; };
		B903BFF32243FE18AC7FC727 /* Pods_EdgeTagExample.framework */ = {isa = PBXFileReference; explicitFileType = wrapper.framework; includeInIndex = 0; path = Pods_EdgeTagExample.framework; sourceTree = BUILT_PRODUCTS_DIR; };
/* End PBXFileReference section */

/* Begin PBXFrameworksBuildPhase section */
		683B42EE27AA6DBD00A8D9DE /* Frameworks */ = {
			isa = PBXFrameworksBuildPhase;
			buildActionMask = 2147483647;
			files = (
				A0596F24178EFB44CD02034D /* Pods_EdgeTagExample.framework in Frameworks */,
			);
			runOnlyForDeploymentPostprocessing = 0;
		};
/* End PBXFrameworksBuildPhase section */

/* Begin PBXGroup section */
		683B42E827AA6DBD00A8D9DE = {
			isa = PBXGroup;
			children = (
				683B42F327AA6DBD00A8D9DE /* EdgeTagExample */,
				683B42F227AA6DBD00A8D9DE /* Products */,
				683B431C27AA6EDD00A8D9DE /* Frameworks */,
				F217BE38ED3040FC56F12434 /* Pods */,
			);
			sourceTree = "<group>";
		};
		683B42F227AA6DBD00A8D9DE /* Products */ = {
			isa = PBXGroup;
			children = (
				683B42F127AA6DBD00A8D9DE /* EdgeTagExample.app */,
			);
			name = Products;
			sourceTree = "<group>";
		};
		683B42F327AA6DBD00A8D9DE /* EdgeTagExample */ = {
			isa = PBXGroup;
			children = (
				683B42F427AA6DBD00A8D9DE /* AppDelegate.swift */,
				683B42F827AA6DBD00A8D9DE /* ViewController.swift */,
				683B42FA27AA6DBD00A8D9DE /* Main.storyboard */,
				683B42FD27AA6DC000A8D9DE /* Assets.xcassets */,
				683B42FF27AA6DC000A8D9DE /* LaunchScreen.storyboard */,
				683B430227AA6DC000A8D9DE /* Info.plist */,
			);
			path = EdgeTagExample;
			sourceTree = "<group>";
		};
		683B431C27AA6EDD00A8D9DE /* Frameworks */ = {
			isa = PBXGroup;
			children = (
				683533D327AA8EBA00902BDF /* EdgeTagExample */,
				683B438027AA8C6900A8D9DE /* EdgeTagSDK */,
				683B436327AA897F00A8D9DE /* newframe */,
				683B434C27AA888F00A8D9DE /* EdgeTagExample */,
				683B434E27AA88B100A8D9DE /* EdgeTagExample */,
				683B432127AA6EFB00A8D9DE /* EdgeTagSDK.xcodeproj */,
				683B431E27AA6EEE00A8D9DE /* EdgeTagExample.xcodeproj */,
				683B431D27AA6EDD00A8D9DE /* EdgeTagSDK */,
				B903BFF32243FE18AC7FC727 /* Pods_EdgeTagExample.framework */,
			);
			name = Frameworks;
			sourceTree = "<group>";
		};
		683B431F27AA6EEE00A8D9DE /* Products */ = {
			isa = PBXGroup;
			children = (
				6893521E27BB8FDF00F5E049 /*  */,
			);
			name = Products;
			sourceTree = "<group>";
		};
		683B432227AA6EFB00A8D9DE /* Products */ = {
			isa = PBXGroup;
			children = (
				683B432627AA6EFB00A8D9DE /* EdgeTagSDK.framework */,
			);
			name = Products;
			sourceTree = "<group>";
		};
		F217BE38ED3040FC56F12434 /* Pods */ = {
			isa = PBXGroup;
			children = (
				B31D429463E6A2444BD96D9E /* Pods-EdgeTagExample.debug.xcconfig */,
				659B9770CB32511F202607E1 /* Pods-EdgeTagExample.release.xcconfig */,
			);
			name = Pods;
			path = Pods;
			sourceTree = "<group>";
		};
/* End PBXGroup section */

/* Begin PBXNativeTarget section */
		683B42F027AA6DBD00A8D9DE /* EdgeTagExample */ = {
			isa = PBXNativeTarget;
			buildConfigurationList = 683B430527AA6DC000A8D9DE /* Build configuration list for PBXNativeTarget "EdgeTagExample" */;
			buildPhases = (
				6C46E267A7245C0028FC437C /* [CP] Check Pods Manifest.lock */,
				683B42ED27AA6DBD00A8D9DE /* Sources */,
				683B42EE27AA6DBD00A8D9DE /* Frameworks */,
				683B42EF27AA6DBD00A8D9DE /* Resources */,
				683533DD27AA945B00902BDF /* Embed Frameworks */,
				D3E884A07D6B62EF771E21B3 /* [CP] Embed Pods Frameworks */,
			);
			buildRules = (
			);
			dependencies = (
			);
			name = EdgeTagExample;
			productName = EdgeTagExample;
			productReference = 683B42F127AA6DBD00A8D9DE /* EdgeTagExample.app */;
			productType = "com.apple.product-type.application";
		};
/* End PBXNativeTarget section */

/* Begin PBXProject section */
		683B42E927AA6DBD00A8D9DE /* Project object */ = {
			isa = PBXProject;
			attributes = {
				BuildIndependentTargetsInParallel = 1;
				LastSwiftUpdateCheck = 1320;
				LastUpgradeCheck = 1320;
				TargetAttributes = {
					683B42F027AA6DBD00A8D9DE = {
						CreatedOnToolsVersion = 13.2.1;
					};
				};
			};
			buildConfigurationList = 683B42EC27AA6DBD00A8D9DE /* Build configuration list for PBXProject "EdgetagExample" */;
			compatibilityVersion = "Xcode 13.0";
			developmentRegion = en;
			hasScannedForEncodings = 0;
			knownRegions = (
				en,
				Base,
			);
			mainGroup = 683B42E827AA6DBD00A8D9DE;
			productRefGroup = 683B42F227AA6DBD00A8D9DE /* Products */;
			projectDirPath = "";
			projectReferences = (
				{
					ProductGroup = 683B431F27AA6EEE00A8D9DE /* Products */;
					ProjectRef = 683B431E27AA6EEE00A8D9DE /* EdgeTagExample.xcodeproj */;
				},
				{
					ProductGroup = 683B432227AA6EFB00A8D9DE /* Products */;
					ProjectRef = 683B432127AA6EFB00A8D9DE /* EdgeTagSDK.xcodeproj */;
				},
			);
			projectRoot = "";
			targets = (
				683B42F027AA6DBD00A8D9DE /* EdgeTagExample */,
			);
		};
/* End PBXProject section */

/* Begin PBXReferenceProxy section */
		683B432627AA6EFB00A8D9DE /* EdgeTagSDK.framework */ = {
			isa = PBXReferenceProxy;
			fileType = wrapper.framework;
			path = EdgeTagSDK.framework;
			remoteRef = 683B432527AA6EFB00A8D9DE /* PBXContainerItemProxy */;
			sourceTree = BUILT_PRODUCTS_DIR;
		};
		6893521E27BB8FDF00F5E049 /*  */ = {
			isa = PBXReferenceProxy;
			remoteRef = 6893521D27BB8FDF00F5E049 /* PBXContainerItemProxy */;
		};
/* End PBXReferenceProxy section */

/* Begin PBXResourcesBuildPhase section */
		683B42EF27AA6DBD00A8D9DE /* Resources */ = {
			isa = PBXResourcesBuildPhase;
			buildActionMask = 2147483647;
			files = (
				683B430127AA6DC000A8D9DE /* LaunchScreen.storyboard in Resources */,
				683B42FE27AA6DC000A8D9DE /* Assets.xcassets in Resources */,
				683B42FC27AA6DBD00A8D9DE /* Main.storyboard in Resources */,
			);
			runOnlyForDeploymentPostprocessing = 0;
		};
/* End PBXResourcesBuildPhase section */

/* Begin PBXShellScriptBuildPhase section */
		6C46E267A7245C0028FC437C /* [CP] Check Pods Manifest.lock */ = {
			isa = PBXShellScriptBuildPhase;
			buildActionMask = 2147483647;
			files = (
			);
			inputFileListPaths = (
			);
			inputPaths = (
				"${PODS_PODFILE_DIR_PATH}/Podfile.lock",
				"${PODS_ROOT}/Manifest.lock",
			);
			name = "[CP] Check Pods Manifest.lock";
			outputFileListPaths = (
			);
			outputPaths = (
				"$(DERIVED_FILE_DIR)/Pods-EdgeTagExample-checkManifestLockResult.txt",
			);
			runOnlyForDeploymentPostprocessing = 0;
			shellPath = /bin/sh;
			shellScript = "diff \"${PODS_PODFILE_DIR_PATH}/Podfile.lock\" \"${PODS_ROOT}/Manifest.lock\" > /dev/null\nif [ $? != 0 ] ; then\n    # print error to STDERR\n    echo \"error: The sandbox is not in sync with the Podfile.lock. Run 'pod install' or update your CocoaPods installation.\" >&2\n    exit 1\nfi\n# This output is used by Xcode 'outputs' to avoid re-running this script phase.\necho \"SUCCESS\" > \"${SCRIPT_OUTPUT_FILE_0}\"\n";
			showEnvVarsInLog = 0;
		};
		D3E884A07D6B62EF771E21B3 /* [CP] Embed Pods Frameworks */ = {
			isa = PBXShellScriptBuildPhase;
			buildActionMask = 2147483647;
			files = (
			);
			inputFileListPaths = (
				"${PODS_ROOT}/Target Support Files/Pods-EdgeTagExample/Pods-EdgeTagExample-frameworks-${CONFIGURATION}-input-files.xcfilelist",
			);
			name = "[CP] Embed Pods Frameworks";
			outputFileListPaths = (
				"${PODS_ROOT}/Target Support Files/Pods-EdgeTagExample/Pods-EdgeTagExample-frameworks-${CONFIGURATION}-output-files.xcfilelist",
			);
			runOnlyForDeploymentPostprocessing = 0;
			shellPath = /bin/sh;
			shellScript = "\"${PODS_ROOT}/Target Support Files/Pods-EdgeTagExample/Pods-EdgeTagExample-frameworks.sh\"\n";
			showEnvVarsInLog = 0;
		};
/* End PBXShellScriptBuildPhase section */

/* Begin PBXSourcesBuildPhase section */
		683B42ED27AA6DBD00A8D9DE /* Sources */ = {
			isa = PBXSourcesBuildPhase;
			buildActionMask = 2147483647;
			files = (
				683B42F927AA6DBD00A8D9DE /* ViewController.swift in Sources */,
				683B42F527AA6DBD00A8D9DE /* AppDelegate.swift in Sources */,
			);
			runOnlyForDeploymentPostprocessing = 0;
		};
/* End PBXSourcesBuildPhase section */

/* Begin PBXVariantGroup section */
		683B42FA27AA6DBD00A8D9DE /* Main.storyboard */ = {
			isa = PBXVariantGroup;
			children = (
				683B42FB27AA6DBD00A8D9DE /* Base */,
			);
			name = Main.storyboard;
			sourceTree = "<group>";
		};
		683B42FF27AA6DC000A8D9DE /* LaunchScreen.storyboard */ = {
			isa = PBXVariantGroup;
			children = (
				683B430027AA6DC000A8D9DE /* Base */,
			);
			name = LaunchScreen.storyboard;
			sourceTree = "<group>";
		};
/* End PBXVariantGroup section */

/* Begin XCBuildConfiguration section */
		683B430327AA6DC000A8D9DE /* Debug */ = {
			isa = XCBuildConfiguration;
			buildSettings = {
				ALWAYS_SEARCH_USER_PATHS = NO;
				CLANG_ANALYZER_NONNULL = YES;
				CLANG_ANALYZER_NUMBER_OBJECT_CONVERSION = YES_AGGRESSIVE;
				CLANG_CXX_LANGUAGE_STANDARD = "gnu++17";
				CLANG_CXX_LIBRARY = "libc++";
				CLANG_ENABLE_MODULES = YES;
				CLANG_ENABLE_OBJC_ARC = YES;
				CLANG_ENABLE_OBJC_WEAK = YES;
				CLANG_WARN_BLOCK_CAPTURE_AUTORELEASING = YES;
				CLANG_WARN_BOOL_CONVERSION = YES;
				CLANG_WARN_COMMA = YES;
				CLANG_WARN_CONSTANT_CONVERSION = YES;
				CLANG_WARN_DEPRECATED_OBJC_IMPLEMENTATIONS = YES;
				CLANG_WARN_DIRECT_OBJC_ISA_USAGE = YES_ERROR;
				CLANG_WARN_DOCUMENTATION_COMMENTS = YES;
				CLANG_WARN_EMPTY_BODY = YES;
				CLANG_WARN_ENUM_CONVERSION = YES;
				CLANG_WARN_INFINITE_RECURSION = YES;
				CLANG_WARN_INT_CONVERSION = YES;
				CLANG_WARN_NON_LITERAL_NULL_CONVERSION = YES;
				CLANG_WARN_OBJC_IMPLICIT_RETAIN_SELF = YES;
				CLANG_WARN_OBJC_LITERAL_CONVERSION = YES;
				CLANG_WARN_OBJC_ROOT_CLASS = YES_ERROR;
				CLANG_WARN_QUOTED_INCLUDE_IN_FRAMEWORK_HEADER = YES;
				CLANG_WARN_RANGE_LOOP_ANALYSIS = YES;
				CLANG_WARN_STRICT_PROTOTYPES = YES;
				CLANG_WARN_SUSPICIOUS_MOVE = YES;
				CLANG_WARN_UNGUARDED_AVAILABILITY = YES_AGGRESSIVE;
				CLANG_WARN_UNREACHABLE_CODE = YES;
				CLANG_WARN__DUPLICATE_METHOD_MATCH = YES;
				COPY_PHASE_STRIP = NO;
				DEBUG_INFORMATION_FORMAT = dwarf;
				ENABLE_STRICT_OBJC_MSGSEND = YES;
				ENABLE_TESTABILITY = YES;
				GCC_C_LANGUAGE_STANDARD = gnu11;
				GCC_DYNAMIC_NO_PIC = NO;
				GCC_NO_COMMON_BLOCKS = YES;
				GCC_OPTIMIZATION_LEVEL = 0;
				GCC_PREPROCESSOR_DEFINITIONS = (
					"DEBUG=1",
					"$(inherited)",
				);
				GCC_WARN_64_TO_32_BIT_CONVERSION = YES;
				GCC_WARN_ABOUT_RETURN_TYPE = YES_ERROR;
				GCC_WARN_UNDECLARED_SELECTOR = YES;
				GCC_WARN_UNINITIALIZED_AUTOS = YES_AGGRESSIVE;
				GCC_WARN_UNUSED_FUNCTION = YES;
				GCC_WARN_UNUSED_VARIABLE = YES;
				IPHONEOS_DEPLOYMENT_TARGET = 14.0;
				MTL_ENABLE_DEBUG_INFO = INCLUDE_SOURCE;
				MTL_FAST_MATH = YES;
				ONLY_ACTIVE_ARCH = YES;
				SDKROOT = iphoneos;
				SWIFT_ACTIVE_COMPILATION_CONDITIONS = DEBUG;
				SWIFT_OPTIMIZATION_LEVEL = "-Onone";
			};
			name = Debug;
		};
		683B430427AA6DC000A8D9DE /* Release */ = {
			isa = XCBuildConfiguration;
			buildSettings = {
				ALWAYS_SEARCH_USER_PATHS = NO;
				CLANG_ANALYZER_NONNULL = YES;
				CLANG_ANALYZER_NUMBER_OBJECT_CONVERSION = YES_AGGRESSIVE;
				CLANG_CXX_LANGUAGE_STANDARD = "gnu++17";
				CLANG_CXX_LIBRARY = "libc++";
				CLANG_ENABLE_MODULES = YES;
				CLANG_ENABLE_OBJC_ARC = YES;
				CLANG_ENABLE_OBJC_WEAK = YES;
				CLANG_WARN_BLOCK_CAPTURE_AUTORELEASING = YES;
				CLANG_WARN_BOOL_CONVERSION = YES;
				CLANG_WARN_COMMA = YES;
				CLANG_WARN_CONSTANT_CONVERSION = YES;
				CLANG_WARN_DEPRECATED_OBJC_IMPLEMENTATIONS = YES;
				CLANG_WARN_DIRECT_OBJC_ISA_USAGE = YES_ERROR;
				CLANG_WARN_DOCUMENTATION_COMMENTS = YES;
				CLANG_WARN_EMPTY_BODY = YES;
				CLANG_WARN_ENUM_CONVERSION = YES;
				CLANG_WARN_INFINITE_RECURSION = YES;
				CLANG_WARN_INT_CONVERSION = YES;
				CLANG_WARN_NON_LITERAL_NULL_CONVERSION = YES;
				CLANG_WARN_OBJC_IMPLICIT_RETAIN_SELF = YES;
				CLANG_WARN_OBJC_LITERAL_CONVERSION = YES;
				CLANG_WARN_OBJC_ROOT_CLASS = YES_ERROR;
				CLANG_WARN_QUOTED_INCLUDE_IN_FRAMEWORK_HEADER = YES;
				CLANG_WARN_RANGE_LOOP_ANALYSIS = YES;
				CLANG_WARN_STRICT_PROTOTYPES = YES;
				CLANG_WARN_SUSPICIOUS_MOVE = YES;
				CLANG_WARN_UNGUARDED_AVAILABILITY = YES_AGGRESSIVE;
				CLANG_WARN_UNREACHABLE_CODE = YES;
				CLANG_WARN__DUPLICATE_METHOD_MATCH = YES;
				COPY_PHASE_STRIP = NO;
				DEBUG_INFORMATION_FORMAT = "dwarf-with-dsym";
				ENABLE_NS_ASSERTIONS = NO;
				ENABLE_STRICT_OBJC_MSGSEND = YES;
				GCC_C_LANGUAGE_STANDARD = gnu11;
				GCC_NO_COMMON_BLOCKS = YES;
				GCC_WARN_64_TO_32_BIT_CONVERSION = YES;
				GCC_WARN_ABOUT_RETURN_TYPE = YES_ERROR;
				GCC_WARN_UNDECLARED_SELECTOR = YES;
				GCC_WARN_UNINITIALIZED_AUTOS = YES_AGGRESSIVE;
				GCC_WARN_UNUSED_FUNCTION = YES;
				GCC_WARN_UNUSED_VARIABLE = YES;
				IPHONEOS_DEPLOYMENT_TARGET = 14.0;
				MTL_ENABLE_DEBUG_INFO = NO;
				MTL_FAST_MATH = YES;
				SDKROOT = iphoneos;
				SWIFT_COMPILATION_MODE = wholemodule;
				SWIFT_OPTIMIZATION_LEVEL = "-O";
				VALIDATE_PRODUCT = YES;
			};
			name = Release;
		};
		683B430627AA6DC000A8D9DE /* Debug */ = {
			isa = XCBuildConfiguration;
			baseConfigurationReference = B31D429463E6A2444BD96D9E /* Pods-EdgeTagExample.debug.xcconfig */;
			buildSettings = {
				ASSETCATALOG_COMPILER_APPICON_NAME = AppIcon;
				ASSETCATALOG_COMPILER_GLOBAL_ACCENT_COLOR_NAME = AccentColor;
				CODE_SIGN_STYLE = Automatic;
				CURRENT_PROJECT_VERSION = 1;
				DEVELOPMENT_TEAM = 4YS75C7357;
				GENERATE_INFOPLIST_FILE = YES;
				INFOPLIST_FILE = EdgeTagExample/Info.plist;
				INFOPLIST_KEY_NSUserTrackingUsageDescription = "App would like to access IDFA for tracking purpose";
				INFOPLIST_KEY_UIApplicationSupportsIndirectInputEvents = YES;
				INFOPLIST_KEY_UILaunchStoryboardName = LaunchScreen;
				INFOPLIST_KEY_UIMainStoryboardFile = Main;
				INFOPLIST_KEY_UISupportedInterfaceOrientations_iPad = "UIInterfaceOrientationPortrait UIInterfaceOrientationPortraitUpsideDown UIInterfaceOrientationLandscapeLeft UIInterfaceOrientationLandscapeRight";
				INFOPLIST_KEY_UISupportedInterfaceOrientations_iPhone = "UIInterfaceOrientationPortrait UIInterfaceOrientationLandscapeLeft UIInterfaceOrientationLandscapeRight";
				IPHONEOS_DEPLOYMENT_TARGET = 14.0;
				LD_RUNPATH_SEARCH_PATHS = (
					"$(inherited)",
					"@executable_path/Frameworks",
				);
				MARKETING_VERSION = 1.0;
				PRODUCT_BUNDLE_IDENTIFIER = com.blotout.EdgeTagExample;
				PRODUCT_NAME = "$(TARGET_NAME)";
				SWIFT_EMIT_LOC_STRINGS = YES;
				SWIFT_VERSION = 5.0;
				TARGETED_DEVICE_FAMILY = "1,2";
			};
			name = Debug;
		};
		683B430727AA6DC000A8D9DE /* Release */ = {
			isa = XCBuildConfiguration;
			baseConfigurationReference = 659B9770CB32511F202607E1 /* Pods-EdgeTagExample.release.xcconfig */;
			buildSettings = {
				ASSETCATALOG_COMPILER_APPICON_NAME = AppIcon;
				ASSETCATALOG_COMPILER_GLOBAL_ACCENT_COLOR_NAME = AccentColor;
				CODE_SIGN_STYLE = Automatic;
				CURRENT_PROJECT_VERSION = 1;
				DEVELOPMENT_TEAM = 4YS75C7357;
				GENERATE_INFOPLIST_FILE = YES;
				INFOPLIST_FILE = EdgeTagExample/Info.plist;
				INFOPLIST_KEY_NSUserTrackingUsageDescription = "App would like to access IDFA for tracking purpose";
				INFOPLIST_KEY_UIApplicationSupportsIndirectInputEvents = YES;
				INFOPLIST_KEY_UILaunchStoryboardName = LaunchScreen;
				INFOPLIST_KEY_UIMainStoryboardFile = Main;
				INFOPLIST_KEY_UISupportedInterfaceOrientations_iPad = "UIInterfaceOrientationPortrait UIInterfaceOrientationPortraitUpsideDown UIInterfaceOrientationLandscapeLeft UIInterfaceOrientationLandscapeRight";
				INFOPLIST_KEY_UISupportedInterfaceOrientations_iPhone = "UIInterfaceOrientationPortrait UIInterfaceOrientationLandscapeLeft UIInterfaceOrientationLandscapeRight";
				IPHONEOS_DEPLOYMENT_TARGET = 14.0;
				LD_RUNPATH_SEARCH_PATHS = (
					"$(inherited)",
					"@executable_path/Frameworks",
				);
				MARKETING_VERSION = 1.0;
				PRODUCT_BUNDLE_IDENTIFIER = com.blotout.EdgeTagExample;
				PRODUCT_NAME = "$(TARGET_NAME)";
				SWIFT_EMIT_LOC_STRINGS = YES;
				SWIFT_VERSION = 5.0;
				TARGETED_DEVICE_FAMILY = "1,2";
			};
			name = Release;
		};
/* End XCBuildConfiguration section */

/* Begin XCConfigurationList section */
		683B42EC27AA6DBD00A8D9DE /* Build configuration list for PBXProject "EdgetagExample" */ = {
			isa = XCConfigurationList;
			buildConfigurations = (
				683B430327AA6DC000A8D9DE /* Debug */,
				683B430427AA6DC000A8D9DE /* Release */,
			);
			defaultConfigurationIsVisible = 0;
			defaultConfigurationName = Release;
		};
		683B430527AA6DC000A8D9DE /* Build configuration list for PBXNativeTarget "EdgeTagExample" */ = {
			isa = XCConfigurationList;
			buildConfigurations = (
				683B430627AA6DC000A8D9DE /* Debug */,
				683B430727AA6DC000A8D9DE /* Release */,
			);
			defaultConfigurationIsVisible = 0;
			defaultConfigurationName = Release;
		};
/* End XCConfigurationList section */
	};
	rootObject = 683B42E927AA6DBD00A8D9DE /* Project object */;
}
